<?xml version="1.0" encoding="utf-8"?>
<Project ToolsVersion="4.0" xmlns="http://schemas.microsoft.com/developer/msbuild/2003">
  <ItemGroup>
    <Filter Include="Source Files">
      <UniqueIdentifier>{4FC737F1-C7A5-4376-A066-2A32D752A2FF}</UniqueIdentifier>
      <Extensions>cpp;c;cc;cxx;def;odl;idl;hpj;bat;asm;asmx</Extensions>
    </Filter>
    <Filter Include="Header Files">
      <UniqueIdentifier>{93995380-89BD-4b04-88EB-625FBE52EBFB}</UniqueIdentifier>
      <Extensions>h;hpp;hxx;hm;inl;inc;xsd</Extensions>
    </Filter>
    <Filter Include="Resource Files">
      <UniqueIdentifier>{67DA6AB6-F800-4c08-8B7A-83BB121AAD01}</UniqueIdentifier>
      <Extensions>rc;ico;cur;bmp;dlg;rc2;rct;bin;rgs;gif;jpg;jpeg;jpe;resx;tiff;tif;png;wav;mfcribbon-ms</Extensions>
    </Filter>
    <Filter Include="HTML Help Files">
      <UniqueIdentifier>{b3197881-d54a-48b0-b927-b54474b74faa}</UniqueIdentifier>
      <Extensions>hhp;hhc;hhk;gif;jpg</Extensions>
    </Filter>
    <Filter Include="HTML Help Topics">
      <UniqueIdentifier>{af80116b-bfe7-4fc1-8792-8316b7116dfa}</UniqueIdentifier>
      <Extensions>htm;html</Extensions>
    </Filter>
    <Filter Include="NetCom">
      <UniqueIdentifier>{bd9aaae5-a870-49bb-b525-1eba408eaf41}</UniqueIdentifier>
    </Filter>
    <Filter Include="OptiVec">
      <UniqueIdentifier>{b5203fbc-c808-4ab3-b56f-d5fb6402e15d}</UniqueIdentifier>
    </Filter>
    <Filter Include="Camera">
      <UniqueIdentifier>{6e7713ec-84dc-4523-8d9c-d1d7616db9a0}</UniqueIdentifier>
    </Filter>
  </ItemGroup>
  <ItemGroup>
    <None Include="ReadMe.txt" />
    <None Include="res\AOSACA.rc2">
      <Filter>Resource Files</Filter>
    </None>
    <None Include="res\AOSACA.ico">
      <Filter>Resource Files</Filter>
    </None>
    <None Include="hlp\AOSACA.hhk">
      <Filter>HTML Help Files</Filter>
    </None>
    <None Include="hlp\HIDD_ROOT_DIALOG.htm">
      <Filter>HTML Help Topics</Filter>
    </None>
    <None Include="hlp\AOSACA.hhc">
      <Filter>HTML Help Files</Filter>
    </None>
    <None Include="res\centroid.bmp">
      <Filter>Resource Files</Filter>
    </None>
    <None Include="res\centroid_dis.bmp">
      <Filter>Resource Files</Filter>
    </None>
    <None Include="res\centroidu2.bmp">
      <Filter>Resource Files</Filter>
    </None>
    <None Include="res\closeloop.bmp">
      <Filter>Resource Files</Filter>
    </None>
    <None Include="res\closeloop_dis.bmp">
      <Filter>Resource Files</Filter>
    </None>
    <None Include="res\closeloopu1.bmp">
      <Filter>Resource Files</Filter>
    </None>
    <None Include="res\live.bmp">
      <Filter>Resource Files</Filter>
    </None>
    <None Include="res\live_dis.bmp">
      <Filter>Resource Files</Filter>
    </None>
    <None Include="res\liveu1.bmp">
      <Filter>Resource Files</Filter>
    </None>
    <None Include="res\loopclosed.bmp">
      <Filter>Resource Files</Filter>
    </None>
    <None Include="res\loopclosedu1.bmp">
      <Filter>Resource Files</Filter>
    </None>
    <None Include="res\mirror.bmp">
      <Filter>Resource Files</Filter>
    </None>
    <None Include="res\mirroru2.bmp">
      <Filter>Resource Files</Filter>
    </None>
    <None Include="res\rec.bmp">
      <Filter>Resource Files</Filter>
    </None>
    <None Include="res\rec_dis.bmp">
      <Filter>Resource Files</Filter>
    </None>
    <None Include="res\recu2.bmp">
      <Filter>Resource Files</Filter>
    </None>
    <None Include="res\refraction.bmp">
      <Filter>Resource Files</Filter>
    </None>
    <None Include="res\refraction_dis.bmp">
      <Filter>Resource Files</Filter>
    </None>
    <None Include="res\refractionu2.bmp">
      <Filter>Resource Files</Filter>
    </None>
    <None Include="res\snapshot.bmp">
      <Filter>Resource Files</Filter>
    </None>
    <None Include="res\snapshot_dis.bmp">
      <Filter>Resource Files</Filter>
    </None>
    <None Include="res\snapshotu2.bmp">
      <Filter>Resource Files</Filter>
    </None>
    <None Include="res\subbkgnd.bmp">
      <Filter>Resource Files</Filter>
    </None>
    <None Include="res\subbkgnd_dis.bmp">
      <Filter>Resource Files</Filter>
    </None>
    <None Include="res\subbkgndu2.bmp">
      <Filter>Resource Files</Filter>
    </None>
    <None Include="res\svbkgnd.bmp">
      <Filter>Resource Files</Filter>
    </None>
    <None Include="res\svbkgnd_dis.bmp">
      <Filter>Resource Files</Filter>
    </None>
    <None Include="res\svbkgndu2.bmp">
      <Filter>Resource Files</Filter>
    </None>
    <None Include="utils\graycmap.bmp">
      <Filter>Resource Files</Filter>
    </None>
    <None Include="utils\summercmap.bmp">
      <Filter>Resource Files</Filter>
    </None>
    <None Include="utils\dmcmap.bmp">
      <Filter>Resource Files</Filter>
    </None>
    <None Include="res\settings.bmp">
      <Filter>Resource Files</Filter>
    </None>
    <None Include="res\settings_dis.bmp">
      <Filter>Resource Files</Filter>
    </None>
    <None Include="res\settingsu1.bmp">
      <Filter>Resource Files</Filter>
    </None>
    <None Include="res\graycmap.bmp">
      <Filter>Resource Files</Filter>
    </None>
    <None Include="res\summercmap.bmp">
      <Filter>Resource Files</Filter>
    </None>
    <None Include="res\dmcmap.bmp">
      <Filter>Resource Files</Filter>
    </None>
  </ItemGroup>
  <ItemGroup>
    <ClInclude Include="AOSACA.h">
      <Filter>Header Files</Filter>
    </ClInclude>
    <ClInclude Include="stdafx.h">
      <Filter>Header Files</Filter>
    </ClInclude>
    <ClInclude Include="targetver.h">
      <Filter>Header Files</Filter>
    </ClInclude>
    <ClInclude Include="WFSImageDlg.h">
      <Filter>Header Files</Filter>
    </ClInclude>
    <ClInclude Include="ControlPanelDlg.h">
      <Filter>Header Files</Filter>
    </ClInclude>
    <ClInclude Include="SVMapDlg.h">
      <Filter>Header Files</Filter>
    </ClInclude>
    <ClInclude Include="WFMapDlg.h">
      <Filter>Header Files</Filter>
    </ClInclude>
    <ClInclude Include="PSFDlg.h">
      <Filter>Header Files</Filter>
    </ClInclude>
    <ClInclude Include="DMMapDlg.h">
      <Filter>Header Files</Filter>
    </ClInclude>
    <ClInclude Include="PupilView.h">
      <Filter>Header Files</Filter>
    </ClInclude>
    <ClInclude Include="RTPlotDlg.h">
      <Filter>Header Files</Filter>
    </ClInclude>
    <ClInclude Include="AOSACAParams.h">
      <Filter>Header Files</Filter>
    </ClInclude>
    <ClInclude Include="Camera.h">
      <Filter>Header Files</Filter>
    </ClInclude>
    <ClInclude Include="Centroid.h">
      <Filter>Header Files</Filter>
    </ClInclude>
    <ClInclude Include="DMirror.h">
      <Filter>Header Files</Filter>
    </ClInclude>
    <ClInclude Include="MyEditCtrl.h">
      <Filter>Header Files</Filter>
    </ClInclude>
    <ClInclude Include="OptCalc.h">
      <Filter>Header Files</Filter>
    </ClInclude>
    <ClInclude Include="Recipes.h">
      <Filter>Header Files</Filter>
    </ClInclude>
    <ClInclude Include="AOSACADlg.h">
      <Filter>Header Files</Filter>
    </ClInclude>
    <ClInclude Include="ProgressDlg.h">
      <Filter>Header Files</Filter>
    </ClInclude>
    <ClInclude Include="ThreadClass.h">
      <Filter>Header Files</Filter>
    </ClInclude>
    <ClInclude Include="AOSACAParamsDlg.h">
      <Filter>Header Files</Filter>
    </ClInclude>
    <ClInclude Include="OpenGLControl.h">
      <Filter>Header Files</Filter>
    </ClInclude>
    <ClInclude Include="..\NetCom\WinSock2Async.h">
      <Filter>NetCom</Filter>
    </ClInclude>
    <ClInclude Include="..\NetCom\socklistener.h">
      <Filter>NetCom</Filter>
    </ClInclude>
    <ClInclude Include="..\NetCom\SockClient.h">
      <Filter>NetCom</Filter>
    </ClInclude>
    <ClInclude Include="..\Optivec\include\biMatObj.h">
      <Filter>OptiVec</Filter>
    </ClInclude>
    <ClInclude Include="..\Optivec\include\biVecObj.h">
      <Filter>OptiVec</Filter>
    </ClInclude>
    <ClInclude Include="..\Optivec\include\cdmath.h">
      <Filter>OptiVec</Filter>
    </ClInclude>
    <ClInclude Include="..\Optivec\include\cdMatObj.h">
      <Filter>OptiVec</Filter>
    </ClInclude>
    <ClInclude Include="..\Optivec\include\cdVecObj.h">
      <Filter>OptiVec</Filter>
    </ClInclude>
    <ClInclude Include="..\Optivec\include\cemath.H">
      <Filter>OptiVec</Filter>
    </ClInclude>
    <ClInclude Include="..\Optivec\include\ceMatObj.h">
      <Filter>OptiVec</Filter>
    </ClInclude>
    <ClInclude Include="..\Optivec\include\ceVecObj.h">
      <Filter>OptiVec</Filter>
    </ClInclude>
    <ClInclude Include="..\Optivec\include\cfmath.h">
      <Filter>OptiVec</Filter>
    </ClInclude>
    <ClInclude Include="..\Optivec\include\cfMatObj.h">
      <Filter>OptiVec</Filter>
    </ClInclude>
    <ClInclude Include="..\Optivec\include\cfVecObj.h">
      <Filter>OptiVec</Filter>
    </ClInclude>
    <ClInclude Include="..\Optivec\include\cmath.H">
      <Filter>OptiVec</Filter>
    </ClInclude>
    <ClInclude Include="..\Optivec\include\cudaMatAll.h">
      <Filter>OptiVec</Filter>
    </ClInclude>
    <ClInclude Include="..\Optivec\include\cudaMatLib.h">
      <Filter>OptiVec</Filter>
    </ClInclude>
    <ClInclude Include="..\Optivec\include\cudaMBIstd.h">
      <Filter>OptiVec</Filter>
    </ClInclude>
    <ClInclude Include="..\Optivec\include\cudaMCDstd.h">
      <Filter>OptiVec</Filter>
    </ClInclude>
    <ClInclude Include="..\Optivec\include\cudaMCFstd.h">
      <Filter>OptiVec</Filter>
    </ClInclude>
    <ClInclude Include="..\Optivec\include\cudaMDstd.h">
      <Filter>OptiVec</Filter>
    </ClInclude>
    <ClInclude Include="..\Optivec\include\cudaMFstd.h">
      <Filter>OptiVec</Filter>
    </ClInclude>
    <ClInclude Include="..\Optivec\include\cudaMIstd.h">
      <Filter>OptiVec</Filter>
    </ClInclude>
    <ClInclude Include="..\Optivec\include\cudaMLIstd.h">
      <Filter>OptiVec</Filter>
    </ClInclude>
    <ClInclude Include="..\Optivec\include\cudaMQIstd.h">
      <Filter>OptiVec</Filter>
    </ClInclude>
    <ClInclude Include="..\Optivec\include\cudaMSIstd.h">
      <Filter>OptiVec</Filter>
    </ClInclude>
    <ClInclude Include="..\Optivec\include\cudaMUBstd.h">
      <Filter>OptiVec</Filter>
    </ClInclude>
    <ClInclude Include="..\Optivec\include\cudaMUIstd.h">
      <Filter>OptiVec</Filter>
    </ClInclude>
    <ClInclude Include="..\Optivec\include\cudaMULstd.h">
      <Filter>OptiVec</Filter>
    </ClInclude>
    <ClInclude Include="..\Optivec\include\cudaMUQstd.h">
      <Filter>OptiVec</Filter>
    </ClInclude>
    <ClInclude Include="..\Optivec\include\cudaMUSstd.h">
      <Filter>OptiVec</Filter>
    </ClInclude>
    <ClInclude Include="..\Optivec\include\cudaMUstd.h">
      <Filter>OptiVec</Filter>
    </ClInclude>
    <ClInclude Include="..\Optivec\include\cudaVBImath.h">
      <Filter>OptiVec</Filter>
    </ClInclude>
    <ClInclude Include="..\Optivec\include\cudaVBIstd.h">
      <Filter>OptiVec</Filter>
    </ClInclude>
    <ClInclude Include="..\Optivec\include\cudaVCDmath.h">
      <Filter>OptiVec</Filter>
    </ClInclude>
    <ClInclude Include="..\Optivec\include\cudaVCDstd.h">
      <Filter>OptiVec</Filter>
    </ClInclude>
    <ClInclude Include="..\Optivec\include\cudaVCFmath.h">
      <Filter>OptiVec</Filter>
    </ClInclude>
    <ClInclude Include="..\Optivec\include\cudaVCFstd.h">
      <Filter>OptiVec</Filter>
    </ClInclude>
    <ClInclude Include="..\Optivec\include\cudaVDmath.h">
      <Filter>OptiVec</Filter>
    </ClInclude>
    <ClInclude Include="..\Optivec\include\cudaVDstd.h">
      <Filter>OptiVec</Filter>
    </ClInclude>
    <ClInclude Include="..\Optivec\include\cudaVecAll.h">
      <Filter>OptiVec</Filter>
    </ClInclude>
    <ClInclude Include="..\Optivec\include\cudaVecLib.h">
      <Filter>OptiVec</Filter>
    </ClInclude>
    <ClInclude Include="..\Optivec\include\cudaVFmath.h">
      <Filter>OptiVec</Filter>
    </ClInclude>
    <ClInclude Include="..\Optivec\include\cudaVFstd.h">
      <Filter>OptiVec</Filter>
    </ClInclude>
    <ClInclude Include="..\Optivec\include\cudaVFuncs.h">
      <Filter>OptiVec</Filter>
    </ClInclude>
    <ClInclude Include="..\Optivec\include\cudaVImath.h">
      <Filter>OptiVec</Filter>
    </ClInclude>
    <ClInclude Include="..\Optivec\include\cudaVIstd.h">
      <Filter>OptiVec</Filter>
    </ClInclude>
    <ClInclude Include="..\Optivec\include\cudaVLImath.h">
      <Filter>OptiVec</Filter>
    </ClInclude>
    <ClInclude Include="..\Optivec\include\cudaVLIstd.h">
      <Filter>OptiVec</Filter>
    </ClInclude>
    <ClInclude Include="..\Optivec\include\cudaVPDmath.h">
      <Filter>OptiVec</Filter>
    </ClInclude>
    <ClInclude Include="..\Optivec\include\cudaVPDstd.h">
      <Filter>OptiVec</Filter>
    </ClInclude>
    <ClInclude Include="..\Optivec\include\cudaVPFmath.h">
      <Filter>OptiVec</Filter>
    </ClInclude>
    <ClInclude Include="..\Optivec\include\cudaVPFstd.h">
      <Filter>OptiVec</Filter>
    </ClInclude>
    <ClInclude Include="..\Optivec\include\cudaVQImath.h">
      <Filter>OptiVec</Filter>
    </ClInclude>
    <ClInclude Include="..\Optivec\include\cudaVQIstd.h">
      <Filter>OptiVec</Filter>
    </ClInclude>
    <ClInclude Include="..\Optivec\include\cudaVSImath.h">
      <Filter>OptiVec</Filter>
    </ClInclude>
    <ClInclude Include="..\Optivec\include\cudaVSIstd.h">
      <Filter>OptiVec</Filter>
    </ClInclude>
    <ClInclude Include="..\Optivec\include\cudaVUBmath.h">
      <Filter>OptiVec</Filter>
    </ClInclude>
    <ClInclude Include="..\Optivec\include\cudaVUBstd.h">
      <Filter>OptiVec</Filter>
    </ClInclude>
    <ClInclude Include="..\Optivec\include\cudaVUImath.h">
      <Filter>OptiVec</Filter>
    </ClInclude>
    <ClInclude Include="..\Optivec\include\cudaVUIstd.h">
      <Filter>OptiVec</Filter>
    </ClInclude>
    <ClInclude Include="..\Optivec\include\cudaVULmath.h">
      <Filter>OptiVec</Filter>
    </ClInclude>
    <ClInclude Include="..\Optivec\include\cudaVULstd.h">
      <Filter>OptiVec</Filter>
    </ClInclude>
    <ClInclude Include="..\Optivec\include\cudaVUmath.h">
      <Filter>OptiVec</Filter>
    </ClInclude>
    <ClInclude Include="..\Optivec\include\cudaVUQmath.h">
      <Filter>OptiVec</Filter>
    </ClInclude>
    <ClInclude Include="..\Optivec\include\cudaVUQstd.h">
      <Filter>OptiVec</Filter>
    </ClInclude>
    <ClInclude Include="..\Optivec\include\cudaVUSmath.h">
      <Filter>OptiVec</Filter>
    </ClInclude>
    <ClInclude Include="..\Optivec\include\cudaVUSstd.h">
      <Filter>OptiVec</Filter>
    </ClInclude>
    <ClInclude Include="..\Optivec\include\cudaVUstd.h">
      <Filter>OptiVec</Filter>
    </ClInclude>
    <ClInclude Include="..\Optivec\include\dMatObj.h">
      <Filter>OptiVec</Filter>
    </ClInclude>
    <ClInclude Include="..\Optivec\include\dVecObj.h">
      <Filter>OptiVec</Filter>
    </ClInclude>
    <ClInclude Include="..\Optivec\include\eMatObj.h">
      <Filter>OptiVec</Filter>
    </ClInclude>
    <ClInclude Include="..\Optivec\include\eVecObj.h">
      <Filter>OptiVec</Filter>
    </ClInclude>
    <ClInclude Include="..\Optivec\include\fMatObj.h">
      <Filter>OptiVec</Filter>
    </ClInclude>
    <ClInclude Include="..\Optivec\include\fVecObj.h">
      <Filter>OptiVec</Filter>
    </ClInclude>
    <ClInclude Include="..\Optivec\include\iMatObj.h">
      <Filter>OptiVec</Filter>
    </ClInclude>
    <ClInclude Include="..\Optivec\include\iVecObj.h">
      <Filter>OptiVec</Filter>
    </ClInclude>
    <ClInclude Include="..\Optivec\include\liMatObj.h">
      <Filter>OptiVec</Filter>
    </ClInclude>
    <ClInclude Include="..\Optivec\include\liVecObj.h">
      <Filter>OptiVec</Filter>
    </ClInclude>
    <ClInclude Include="..\Optivec\include\MATALL.H">
      <Filter>OptiVec</Filter>
    </ClInclude>
    <ClInclude Include="..\Optivec\include\MatLib.h">
      <Filter>OptiVec</Filter>
    </ClInclude>
    <ClInclude Include="..\Optivec\include\MBIstd.h">
      <Filter>OptiVec</Filter>
    </ClInclude>
    <ClInclude Include="..\Optivec\include\MCDstd.h">
      <Filter>OptiVec</Filter>
    </ClInclude>
    <ClInclude Include="..\Optivec\include\MCEstd.h">
      <Filter>OptiVec</Filter>
    </ClInclude>
    <ClInclude Include="..\Optivec\include\MCFstd.H">
      <Filter>OptiVec</Filter>
    </ClInclude>
    <ClInclude Include="..\Optivec\include\MDstd.h">
      <Filter>OptiVec</Filter>
    </ClInclude>
    <ClInclude Include="..\Optivec\include\MEstd.H">
      <Filter>OptiVec</Filter>
    </ClInclude>
    <ClInclude Include="..\Optivec\include\MFstd.h">
      <Filter>OptiVec</Filter>
    </ClInclude>
    <ClInclude Include="..\Optivec\include\Mgraph.H">
      <Filter>OptiVec</Filter>
    </ClInclude>
    <ClInclude Include="..\Optivec\include\MIstd.H">
      <Filter>OptiVec</Filter>
    </ClInclude>
    <ClInclude Include="..\Optivec\include\MLIstd.H">
      <Filter>OptiVec</Filter>
    </ClInclude>
    <ClInclude Include="..\Optivec\include\MQIstd.H">
      <Filter>OptiVec</Filter>
    </ClInclude>
    <ClInclude Include="..\Optivec\include\MSIstd.H">
      <Filter>OptiVec</Filter>
    </ClInclude>
    <ClInclude Include="..\Optivec\include\MUBstd.H">
      <Filter>OptiVec</Filter>
    </ClInclude>
    <ClInclude Include="..\Optivec\include\MUIstd.h">
      <Filter>OptiVec</Filter>
    </ClInclude>
    <ClInclude Include="..\Optivec\include\MULstd.H">
      <Filter>OptiVec</Filter>
    </ClInclude>
    <ClInclude Include="..\Optivec\include\MUQstd.H">
      <Filter>OptiVec</Filter>
    </ClInclude>
    <ClInclude Include="..\Optivec\include\MUSstd.H">
      <Filter>OptiVec</Filter>
    </ClInclude>
    <ClInclude Include="..\Optivec\include\MUstd.h">
      <Filter>OptiVec</Filter>
    </ClInclude>
    <ClInclude Include="..\Optivec\include\newcplx.h">
      <Filter>OptiVec</Filter>
    </ClInclude>
    <ClInclude Include="..\Optivec\include\OptiVec.h">
      <Filter>OptiVec</Filter>
    </ClInclude>
    <ClInclude Include="..\Optivec\include\ovxmath.h">
      <Filter>OptiVec</Filter>
    </ClInclude>
    <ClInclude Include="..\Optivec\include\pdVecObj.h">
      <Filter>OptiVec</Filter>
    </ClInclude>
    <ClInclude Include="..\Optivec\include\peVecObj.h">
      <Filter>OptiVec</Filter>
    </ClInclude>
    <ClInclude Include="..\Optivec\include\pfVecObj.h">
      <Filter>OptiVec</Filter>
    </ClInclude>
    <ClInclude Include="..\Optivec\include\qiMatObj.h">
      <Filter>OptiVec</Filter>
    </ClInclude>
    <ClInclude Include="..\Optivec\include\qiVecObj.h">
      <Filter>OptiVec</Filter>
    </ClInclude>
    <ClInclude Include="..\Optivec\include\siMatObj.h">
      <Filter>OptiVec</Filter>
    </ClInclude>
    <ClInclude Include="..\Optivec\include\siVecObj.h">
      <Filter>OptiVec</Filter>
    </ClInclude>
    <ClInclude Include="..\Optivec\include\ubMatObj.h">
      <Filter>OptiVec</Filter>
    </ClInclude>
    <ClInclude Include="..\Optivec\include\ubVecObj.h">
      <Filter>OptiVec</Filter>
    </ClInclude>
    <ClInclude Include="..\Optivec\include\uiMatObj.h">
      <Filter>OptiVec</Filter>
    </ClInclude>
    <ClInclude Include="..\Optivec\include\uiVecObj.h">
      <Filter>OptiVec</Filter>
    </ClInclude>
    <ClInclude Include="..\Optivec\include\ulMatObj.h">
      <Filter>OptiVec</Filter>
    </ClInclude>
    <ClInclude Include="..\Optivec\include\ulVecObj.h">
      <Filter>OptiVec</Filter>
    </ClInclude>
    <ClInclude Include="..\Optivec\include\uMatObj.h">
      <Filter>OptiVec</Filter>
    </ClInclude>
    <ClInclude Include="..\Optivec\include\uqMatObj.h">
      <Filter>OptiVec</Filter>
    </ClInclude>
    <ClInclude Include="..\Optivec\include\uqVecObj.h">
      <Filter>OptiVec</Filter>
    </ClInclude>
    <ClInclude Include="..\Optivec\include\usMatObj.h">
      <Filter>OptiVec</Filter>
    </ClInclude>
    <ClInclude Include="..\Optivec\include\usVecObj.h">
      <Filter>OptiVec</Filter>
    </ClInclude>
    <ClInclude Include="..\Optivec\include\uVecObj.h">
      <Filter>OptiVec</Filter>
    </ClInclude>
    <ClInclude Include="..\Optivec\include\VBImath.H">
      <Filter>OptiVec</Filter>
    </ClInclude>
    <ClInclude Include="..\Optivec\include\VBIstd.H">
      <Filter>OptiVec</Filter>
    </ClInclude>
    <ClInclude Include="..\Optivec\include\VCDmath.H">
      <Filter>OptiVec</Filter>
    </ClInclude>
    <ClInclude Include="..\Optivec\include\VCDstd.H">
      <Filter>OptiVec</Filter>
    </ClInclude>
    <ClInclude Include="..\Optivec\include\VCEmath.H">
      <Filter>OptiVec</Filter>
    </ClInclude>
    <ClInclude Include="..\Optivec\include\VCEstd.H">
      <Filter>OptiVec</Filter>
    </ClInclude>
    <ClInclude Include="..\Optivec\include\VCFmath.h">
      <Filter>OptiVec</Filter>
    </ClInclude>
    <ClInclude Include="..\Optivec\include\VCFstd.H">
      <Filter>OptiVec</Filter>
    </ClInclude>
    <ClInclude Include="..\Optivec\include\VDmath.H">
      <Filter>OptiVec</Filter>
    </ClInclude>
    <ClInclude Include="..\Optivec\include\VDstd.H">
      <Filter>OptiVec</Filter>
    </ClInclude>
    <ClInclude Include="..\Optivec\include\VecAll.H">
      <Filter>OptiVec</Filter>
    </ClInclude>
    <ClInclude Include="..\Optivec\include\VecLib.h">
      <Filter>OptiVec</Filter>
    </ClInclude>
    <ClInclude Include="..\Optivec\include\VecObj.h">
      <Filter>OptiVec</Filter>
    </ClInclude>
    <ClInclude Include="..\Optivec\include\VEmath.H">
      <Filter>OptiVec</Filter>
    </ClInclude>
    <ClInclude Include="..\Optivec\include\VEstd.H">
      <Filter>OptiVec</Filter>
    </ClInclude>
    <ClInclude Include="..\Optivec\include\VFmath.h">
      <Filter>OptiVec</Filter>
    </ClInclude>
    <ClInclude Include="..\Optivec\include\VFstd.h">
      <Filter>OptiVec</Filter>
    </ClInclude>
    <ClInclude Include="..\Optivec\include\Vgraph.H">
      <Filter>OptiVec</Filter>
    </ClInclude>
    <ClInclude Include="..\Optivec\include\VImath.H">
      <Filter>OptiVec</Filter>
    </ClInclude>
    <ClInclude Include="..\Optivec\include\VIstd.H">
      <Filter>OptiVec</Filter>
    </ClInclude>
    <ClInclude Include="..\Optivec\include\VLImath.H">
      <Filter>OptiVec</Filter>
    </ClInclude>
    <ClInclude Include="..\Optivec\include\VLIstd.H">
      <Filter>OptiVec</Filter>
    </ClInclude>
    <ClInclude Include="..\Optivec\include\VPDmath.H">
      <Filter>OptiVec</Filter>
    </ClInclude>
    <ClInclude Include="..\Optivec\include\VPDstd.H">
      <Filter>OptiVec</Filter>
    </ClInclude>
    <ClInclude Include="..\Optivec\include\VPEmath.H">
      <Filter>OptiVec</Filter>
    </ClInclude>
    <ClInclude Include="..\Optivec\include\VPEstd.H">
      <Filter>OptiVec</Filter>
    </ClInclude>
    <ClInclude Include="..\Optivec\include\VPFmath.H">
      <Filter>OptiVec</Filter>
    </ClInclude>
    <ClInclude Include="..\Optivec\include\VPFstd.H">
      <Filter>OptiVec</Filter>
    </ClInclude>
    <ClInclude Include="..\Optivec\include\VQImath.H">
      <Filter>OptiVec</Filter>
    </ClInclude>
    <ClInclude Include="..\Optivec\include\VQIstd.H">
      <Filter>OptiVec</Filter>
    </ClInclude>
    <ClInclude Include="..\Optivec\include\VSImath.H">
      <Filter>OptiVec</Filter>
    </ClInclude>
    <ClInclude Include="..\Optivec\include\VSIstd.H">
      <Filter>OptiVec</Filter>
    </ClInclude>
    <ClInclude Include="..\Optivec\include\VUBmath.H">
      <Filter>OptiVec</Filter>
    </ClInclude>
    <ClInclude Include="..\Optivec\include\VUBstd.H">
      <Filter>OptiVec</Filter>
    </ClInclude>
    <ClInclude Include="..\Optivec\include\VUImath.H">
      <Filter>OptiVec</Filter>
    </ClInclude>
    <ClInclude Include="..\Optivec\include\VUIstd.H">
      <Filter>OptiVec</Filter>
    </ClInclude>
    <ClInclude Include="..\Optivec\include\VULmath.H">
      <Filter>OptiVec</Filter>
    </ClInclude>
    <ClInclude Include="..\Optivec\include\VULstd.H">
      <Filter>OptiVec</Filter>
    </ClInclude>
    <ClInclude Include="..\Optivec\include\VUmath.H">
      <Filter>OptiVec</Filter>
    </ClInclude>
    <ClInclude Include="..\Optivec\include\VUQmath.H">
      <Filter>OptiVec</Filter>
    </ClInclude>
    <ClInclude Include="..\Optivec\include\VUQstd.h">
      <Filter>OptiVec</Filter>
    </ClInclude>
    <ClInclude Include="..\Optivec\include\VUSmath.H">
      <Filter>OptiVec</Filter>
    </ClInclude>
    <ClInclude Include="..\Optivec\include\VUSstd.H">
      <Filter>OptiVec</Filter>
    </ClInclude>
    <ClInclude Include="..\Optivec\include\VUstd.h">
      <Filter>OptiVec</Filter>
    </ClInclude>
    <ClInclude Include="..\Optivec\include\xmath.H">
      <Filter>OptiVec</Filter>
    </ClInclude>
    <ClInclude Include="..\Baumer\Components\Dev\C++\Inc\bgapi2_def.h">
      <Filter>Camera</Filter>
    </ClInclude>
    <ClInclude Include="..\Baumer\Components\Dev\C++\Inc\bgapi2_featurenames.h">
      <Filter>Camera</Filter>
    </ClInclude>
    <ClInclude Include="..\Baumer\Components\Dev\C++\Inc\bgapi2_genicam.hpp">
      <Filter>Camera</Filter>
    </ClInclude>
  </ItemGroup>
  <ItemGroup>
    <ClCompile Include="AOSACA.cpp">
      <Filter>Source Files</Filter>
    </ClCompile>
    <ClCompile Include="stdafx.cpp">
      <Filter>Source Files</Filter>
    </ClCompile>
    <ClCompile Include="WFSImageDlg.cpp">
      <Filter>Source Files</Filter>
    </ClCompile>
    <ClCompile Include="ControlPanelDlg.cpp">
      <Filter>Source Files</Filter>
    </ClCompile>
    <ClCompile Include="SVMapDlg.cpp">
      <Filter>Source Files</Filter>
    </ClCompile>
    <ClCompile Include="WFMapDlg.cpp">
      <Filter>Source Files</Filter>
    </ClCompile>
    <ClCompile Include="PSFDlg.cpp">
      <Filter>Source Files</Filter>
    </ClCompile>
    <ClCompile Include="DMMapDlg.cpp">
      <Filter>Source Files</Filter>
    </ClCompile>
    <ClCompile Include="PupilView.cpp">
      <Filter>Source Files</Filter>
    </ClCompile>
    <ClCompile Include="RTPlotDlg.cpp">
      <Filter>Source Files</Filter>
    </ClCompile>
    <ClCompile Include="AOSACADlg.cpp">
      <Filter>Source Files</Filter>
    </ClCompile>
    <ClCompile Include="Camera.cpp">
      <Filter>Source Files</Filter>
    </ClCompile>
    <ClCompile Include="Centroid.cpp">
      <Filter>Source Files</Filter>
    </ClCompile>
    <ClCompile Include="DMirror.cpp">
      <Filter>Source Files</Filter>
    </ClCompile>
    <ClCompile Include="MyEditCtrl.cpp">
      <Filter>Source Files</Filter>
    </ClCompile>
    <ClCompile Include="OptCalc.cpp">
      <Filter>Source Files</Filter>
    </ClCompile>
    <ClCompile Include="Recipes.cpp">
      <Filter>Source Files</Filter>
    </ClCompile>
    <ClCompile Include="ProgressDlg.cpp">
      <Filter>Source Files</Filter>
    </ClCompile>
    <ClCompile Include="ThreadClass.cpp">
      <Filter>Source Files</Filter>
    </ClCompile>
    <ClCompile Include="AOSACAParamsDlg.cpp">
      <Filter>Source Files</Filter>
    </ClCompile>
    <ClCompile Include="OpenGLControl.cpp">
      <Filter>Source Files</Filter>
    </ClCompile>
    <ClCompile Include="..\NetCom\WinSock2Async.cpp">
      <Filter>NetCom</Filter>
    </ClCompile>
    <ClCompile Include="..\NetCom\SockListener.cpp">
      <Filter>NetCom</Filter>
    </ClCompile>
    <ClCompile Include="..\NetCom\SockClient.cpp">
      <Filter>NetCom</Filter>
    </ClCompile>
  </ItemGroup>
  <ItemGroup>
    <ResourceCompile Include="AOSACA.rc">
      <Filter>Resource Files</Filter>
    </ResourceCompile>
  </ItemGroup>
  <ItemGroup>
    <CustomBuild Include="hlp\AOSACA.hhp">
      <Filter>HTML Help Files</Filter>
    </CustomBuild>
    <CustomBuild Include="Resource.h">
      <Filter>Header Files</Filter>
    </CustomBuild>
  </ItemGroup>
</Project>